PODS:
  - Capacitor (5.7.4):
    - CapacitorCordova
  - CapacitorApp (5.0.7):
    - Capacitor
  - CapacitorCordova (5.7.4)
  - CapacitorHaptics (5.0.7):
    - Capacitor
  - CapacitorKeyboard (5.0.8):
    - Capacitor
  - CapacitorStatusBar (5.0.7):
    - Capacitor
  - CordovaPlugins (5.7.4):
    - CapacitorCordova
  - CordovaPluginsStatic (5.7.4):
    - CapacitorCordova
    - OneSignalXCFramework (= 3.12.3)
  - OneSignalXCFramework (3.12.3):
    - OneSignalXCFramework/OneSignalCore (= 3.12.3)
    - OneSignalXCFramework/OneSignalExtension (= 3.12.3)
    - OneSignalXCFramework/OneSignalOutcomes (= 3.12.3)
  - OneSignalXCFramework/OneSignalCore (3.12.3)
  - OneSignalXCFramework/OneSignalExtension (3.12.3):
    - OneSignalXCFramework/OneSignalCore
    - OneSignalXCFramework/OneSignalOutcomes
  - OneSignalXCFramework/OneSignalOutcomes (3.12.3):
    - OneSignalXCFramework/OneSignalCore

DEPENDENCIES:
  - "Capacitor (from `../../node_modules/@capacitor/ios`)"
  - "CapacitorApp (from `../../node_modules/@capacitor/app`)"
  - "CapacitorCordova (from `../../node_modules/@capacitor/ios`)"
  - "CapacitorHaptics (from `../../node_modules/@capacitor/haptics`)"
  - "CapacitorKeyboard (from `../../node_modules/@capacitor/keyboard`)"
  - "CapacitorStatusBar (from `../../node_modules/@capacitor/status-bar`)"
  - CordovaPlugins (from `../capacitor-cordova-ios-plugins`)
  - CordovaPluginsStatic (from `../capacitor-cordova-ios-plugins`)

SPEC REPOS:
  trunk:
    - OneSignalXCFramework

EXTERNAL SOURCES:
  Capacitor:
    :path: "../../node_modules/@capacitor/ios"
  CapacitorApp:
    :path: "../../node_modules/@capacitor/app"
  CapacitorCordova:
    :path: "../../node_modules/@capacitor/ios"
  CapacitorHaptics:
    :path: "../../node_modules/@capacitor/haptics"
  CapacitorKeyboard:
    :path: "../../node_modules/@capacitor/keyboard"
  CapacitorStatusBar:
    :path: "../../node_modules/@capacitor/status-bar"
  CordovaPlugins:
    :path: "../capacitor-cordova-ios-plugins"
  CordovaPluginsStatic:
    :path: "../capacitor-cordova-ios-plugins"

SPEC CHECKSUMS:
  Capacitor: 4fe9adf012caceb4c71ffea2f1f4d005cdcbeea7
  CapacitorApp: 17fecd0e6cb23feafac7eb0939417389038b0979
  CapacitorCordova: a6e87fccc0307dee7aec1560ec9398485f2b0ce7
  CapacitorHaptics: 7c7c206f0c96a628fed073830c96d28c4b2e772e
  CapacitorKeyboard: aec619a578235c6ce279075009a2689c2cf5c42c
  CapacitorStatusBar: f390fbb49b82ffb754ea4b3cf71dc8b048baf3e7
  CordovaPlugins: 24fcf1fb51bf33b2272d6f75af7638b3425b245b
  CordovaPluginsStatic: 64940cd6c677b75eb7cc308ff9dc50cb33bbb532
  OneSignalXCFramework: 75844c29607ca95e6176f6f21257b4382c7fdbfb

PODFILE CHECKSUM: f6774ad9608df0d587e239a1d825015662287466

COCOAPODS: 1.11.3
